
Microsoft Visual Studio Solution File, Format Version 12.00
# Visual Studio Version 17
VisualStudioVersion = 17.6.33712.159
MinimumVisualStudioVersion = 10.0.40219.1
Project("{FAE04EC0-301F-11D3-BF4B-00C04F79EFBC}") = "Prince Mobile Collection", "Prince Mobile Collection\Prince Mobile Collection.csproj", "{171061D3-85ED-4D62-9404-64DBCB7CC71B}"
EndProject
Project("{2150E333-8FDC-42A3-9474-1A3956D46DE8}") = "Presentation", "Presentation", "{3F76D40C-D609-44DD-A415-F7C659CFE765}"
EndProject
Project("{2150E333-8FDC-42A3-9474-1A3956D46DE8}") = "Data+Entities", "Data+Entities", "{3ECA8E34-6720-4A1B-A60D-AB7E584DCB92}"
EndProject
Project("{2150E333-8FDC-42A3-9474-1A3956D46DE8}") = "Services", "Services", "{ABE9A4D3-CD33-4B13-8B4C-921C33C85A30}"
EndProject
Global
	GlobalSection(SolutionConfigurationPlatforms) = preSolution
		Debug|Any CPU = Debug|Any CPU
		Release|Any CPU = Release|Any CPU
	EndGlobalSection
	GlobalSection(ProjectConfigurationPlatforms) = postSolution
		{171061D3-85ED-4D62-9404-64DBCB7CC71B}.Debug|Any CPU.ActiveCfg = Debug|Any CPU
		{171061D3-85ED-4D62-9404-64DBCB7CC71B}.Debug|Any CPU.Build.0 = Debug|Any CPU
		{171061D3-85ED-4D62-9404-64DBCB7CC71B}.Release|Any CPU.ActiveCfg = Release|Any CPU
		{171061D3-85ED-4D62-9404-64DBCB7CC71B}.Release|Any CPU.Build.0 = Release|Any CPU
	EndGlobalSection
	GlobalSection(SolutionProperties) = preSolution
		HideSolutionNode = FALSE
	EndGlobalSection
	GlobalSection(NestedProjects) = preSolution
		{171061D3-85ED-4D62-9404-64DBCB7CC71B} = {3F76D40C-D609-44DD-A415-F7C659CFE765}
	EndGlobalSection
	GlobalSection(ExtensibilityGlobals) = postSolution
		SolutionGuid = {0357ACBB-B4DE-4E95-A816-BA0DB87E84E3}
	EndGlobalSection
EndGlobal
